
Microsoft Visual Studio Solution File, Format Version 12.00
# Visual Studio Version 17
VisualStudioVersion = 17.13.35931.197
MinimumVisualStudioVersion = 10.0.40219.1
Project("{FAE04EC0-301F-11D3-BF4B-00C04F79EFBC}") = "TP7_GRUPO_15", "TP7_GRUPO_15\TP7_GRUPO_15.csproj", "{358D9904-C821-4AF6-864D-F18655C538E8}"
EndProject
Global
	GlobalSection(SolutionConfigurationPlatforms) = preSolution
		Debug|Any CPU = Debug|Any CPU
		Release|Any CPU = Release|Any CPU
	EndGlobalSection
	GlobalSection(ProjectConfigurationPlatforms) = postSolution
		{358D9904-C821-4AF6-864D-F18655C538E8}.Debug|Any CPU.ActiveCfg = Debug|Any CPU
		{358D9904-C821-4AF6-864D-F18655C538E8}.Debug|Any CPU.Build.0 = Debug|Any CPU
		{358D9904-C821-4AF6-864D-F18655C538E8}.Release|Any CPU.ActiveCfg = Release|Any CPU
		{358D9904-C821-4AF6-864D-F18655C538E8}.Release|Any CPU.Build.0 = Release|Any CPU
	EndGlobalSection
	GlobalSection(SolutionProperties) = preSolution
		HideSolutionNode = FALSE
	EndGlobalSection
	GlobalSection(ExtensibilityGlobals) = postSolution
		SolutionGuid = {128C783E-9416-48FE-B9E4-C45D4E7BA1E3}
	EndGlobalSection
EndGlobal
